
Microsoft Visual Studio Solution File, Format Version 12.00
# Visual Studio 15
VisualStudioVersion = 15.0.27130.2010
MinimumVisualStudioVersion = 10.0.40219.1
Project("{FAE04EC0-301F-11D3-BF4B-00C04F79EFBC}") = "SportsStore.WebUI", "SportsStore.WebUI\SportsStore.WebUI.csproj", "{499CC689-636A-46A6-ADEE-D6DAA909DC1A}"
EndProject
Project("{FAE04EC0-301F-11D3-BF4B-00C04F79EFBC}") = "SportsStore.UnitTest", "SportsStore.UnitTest\SportsStore.UnitTest.csproj", "{E56D0D71-1D50-4BF2-A206-D04A56ADFDC2}"
EndProject
Project("{FAE04EC0-301F-11D3-BF4B-00C04F79EFBC}") = "SportsStore.Domain", "SportsStore.Domain\SportsStore.Domain.csproj", "{2F29AE3D-2971-458C-A92C-46506FD02972}"
EndProject
Global
	GlobalSection(SolutionConfigurationPlatforms) = preSolution
		Debug|Any CPU = Debug|Any CPU
		Release|Any CPU = Release|Any CPU
	EndGlobalSection
	GlobalSection(ProjectConfigurationPlatforms) = postSolution
		{499CC689-636A-46A6-ADEE-D6DAA909DC1A}.Debug|Any CPU.ActiveCfg = Debug|Any CPU
		{499CC689-636A-46A6-ADEE-D6DAA909DC1A}.Debug|Any CPU.Build.0 = Debug|Any CPU
		{499CC689-636A-46A6-ADEE-D6DAA909DC1A}.Release|Any CPU.ActiveCfg = Release|Any CPU
		{499CC689-636A-46A6-ADEE-D6DAA909DC1A}.Release|Any CPU.Build.0 = Release|Any CPU
		{E56D0D71-1D50-4BF2-A206-D04A56ADFDC2}.Debug|Any CPU.ActiveCfg = Debug|Any CPU
		{E56D0D71-1D50-4BF2-A206-D04A56ADFDC2}.Debug|Any CPU.Build.0 = Debug|Any CPU
		{E56D0D71-1D50-4BF2-A206-D04A56ADFDC2}.Release|Any CPU.ActiveCfg = Release|Any CPU
		{E56D0D71-1D50-4BF2-A206-D04A56ADFDC2}.Release|Any CPU.Build.0 = Release|Any CPU
		{2F29AE3D-2971-458C-A92C-46506FD02972}.Debug|Any CPU.ActiveCfg = Debug|Any CPU
		{2F29AE3D-2971-458C-A92C-46506FD02972}.Debug|Any CPU.Build.0 = Debug|Any CPU
		{2F29AE3D-2971-458C-A92C-46506FD02972}.Release|Any CPU.ActiveCfg = Release|Any CPU
		{2F29AE3D-2971-458C-A92C-46506FD02972}.Release|Any CPU.Build.0 = Release|Any CPU
	EndGlobalSection
	GlobalSection(SolutionProperties) = preSolution
		HideSolutionNode = FALSE
	EndGlobalSection
	GlobalSection(ExtensibilityGlobals) = postSolution
		SolutionGuid = {653D670D-66BC-436D-A3E9-DFE2600A29F8}
	EndGlobalSection
EndGlobal
